{
  "name": "10-pin-bowling",
  "version": "1.0.0",
  "lockfileVersion": 3,
  "requires": true,
  "packages": {
    "": {
      "name": "10-pin-bowling",
      "version": "1.0.0",
      "license": "ISC",
      "dependencies": {
        "readline-sync": "^1.4.10"
      },
      "devDependencies": {
        "@types/readline-sync": "^1.4.7",
        "typescript": "^5.3.2"
      }
    },
    "node_modules/@types/readline-sync": {
      "version": "1.4.7",
      "resolved": "https://registry.npmjs.org/@types/readline-sync/-/readline-sync-1.4.7.tgz",
      "integrity": "sha512-tPPerBmYwWX66KcZFYPjCuJfF8ykGD0GtPx6r33KYm0v4g4x68VK33/v4kLEoDwnnkYwcY2s9oYgMfTKMr3krg==",
      "dev": true
    },
    "node_modules/readline-sync": {
      "version": "1.4.10",
      "resolved": "https://registry.npmjs.org/readline-sync/-/readline-sync-1.4.10.tgz",
      "integrity": "sha512-gNva8/6UAe8QYepIQH/jQ2qn91Qj0B9sYjMBBs3QOB8F2CXcKgLxQaJRP76sWVRQt+QU+8fAkCbCvjjMFu7Ycw==",
      "engines": {
        "node": ">= 0.8.0"
      }
    },
    "node_modules/typescript": {
      "version": "5.3.2",
      "resolved": "https://registry.npmjs.org/typescript/-/typescript-5.3.2.tgz",
      "integrity": "sha512-6l+RyNy7oAHDfxC4FzSJcz9vnjTKxrLpDG5M2Vu4SHRVNg6xzqZp6LYSR9zjqQTu8DU/f5xwxUdADOkbrIX2gQ==",
      "dev": true,
      "bin": {
        "tsc": "bin/tsc",
        "tsserver": "bin/tsserver"
      },
      "engines": {
        "node": ">=14.17"
      }
    }
  }
}
